{
  "requires": true,
  "lockfileVersion": 1,
  "dependencies": {
    "commander": {
      "version": "4.1.1",
      "resolved": "https://registry.npmjs.org/commander/-/commander-4.1.1.tgz",
      "integrity": "sha512-NOKm8xhkzAjzFx8B2v5OAHT+u5pRQc2UCa2Vq9jYL/31o2wi9mxBA7LIFs3sV5VSC49z6pEhfbMULvShKj26WA=="
    },
    "esm": {
      "version": "3.2.25",
      "resolved": "https://registry.npmjs.org/esm/-/esm-3.2.25.tgz",
      "integrity": "sha512-U1suiZ2oDVWv4zPO56S0NcR5QriEahGtdN2OR6FiOG4WJvcjBVFB0qI4+eKoWFH483PKGuLuu6V8Z4T5g63UVA=="
    },
    "mathjax-full": {
      "version": "3.0.0",
      "resolved": "https://registry.npmjs.org/mathjax-full/-/mathjax-full-3.0.0.tgz",
      "integrity": "sha512-DvTUi2WvrACXZRjjzS0EbXY2ssRD23yuSMHVYZNbRuCA5zFZvu0MZWFy8QRvNYwJ44hJirJCNOCii0W0Q1R62A==",
      "requires": {
        "esm": "^3.2.25",
        "mj-context-menu": "^0.2.0",
        "speech-rule-engine": "^3.0.0-beta.6"
      }
    },
    "mj-context-menu": {
      "version": "0.2.0",
      "resolved": "https://registry.npmjs.org/mj-context-menu/-/mj-context-menu-0.2.0.tgz",
      "integrity": "sha512-yJxrWBHCjFZEHsZgfs7m5g9OSCNzsVYadW6f6lX3pgZL67vmodtSW/4zhsYmuDKweXfHs0M1kJge1uQIasWA+g=="
    },
    "speech-rule-engine": {
      "version": "3.0.0-beta.8",
      "resolved": "https://registry.npmjs.org/speech-rule-engine/-/speech-rule-engine-3.0.0-beta.8.tgz",
      "integrity": "sha512-gnNap93Xrz5ngIqa/BOaJGatC64B7dqDrXK/pr4yAaZAcW6tKVO5PwaTvw9QqVab86ad5scpA39Nxwhlb11tTg==",
      "requires": {
        "commander": "*",
        "wicked-good-xpath": "*",
        "xmldom-sre": "^0.1.31"
      }
    },
    "wicked-good-xpath": {
      "version": "1.3.0",
      "resolved": "https://registry.npmjs.org/wicked-good-xpath/-/wicked-good-xpath-1.3.0.tgz",
      "integrity": "sha1-gbDpXoZQ5JyUsiKY//hoa1VTz2w="
    },
    "xmldom-sre": {
      "version": "0.1.31",
      "resolved": "https://registry.npmjs.org/xmldom-sre/-/xmldom-sre-0.1.31.tgz",
      "integrity": "sha512-f9s+fUkX04BxQf+7mMWAp5zk61pciie+fFLC9hX9UVvCeJQfNHRHXpeo5MPcR0EUf57PYLdt+ZO4f3Ipk2oZUw=="
    }
  }
}
